
Microsoft Visual Studio Solution File, Format Version 12.00
# Visual Studio Version 16
VisualStudioVersion = 16.0.30011.22
MinimumVisualStudioVersion = 10.0.40219.1
Project("{FAE04EC0-301F-11D3-BF4B-00C04F79EFBC}") = "RtfMacroStudio", "RtfMacroStudioViewModel\RtfMacroStudio.csproj", "{A33FD63B-A56C-475E-82D8-F8FA3B512927}"
EndProject
Project("{2150E333-8FDC-42A3-9474-1A3956D46DE8}") = "Tests", "Tests", "{B3200638-35C5-44E0-9299-B1D14396B253}"
EndProject
Project("{FAE04EC0-301F-11D3-BF4B-00C04F79EFBC}") = "RtfMacroStudioView", "RtfMacroStudioView\RtfMacroStudioView.csproj", "{E6BB8D36-26E6-4D1E-98A8-ADB140309681}"
EndProject
Global
	GlobalSection(SolutionConfigurationPlatforms) = preSolution
		Debug|Any CPU = Debug|Any CPU
		Release|Any CPU = Release|Any CPU
	EndGlobalSection
	GlobalSection(ProjectConfigurationPlatforms) = postSolution
		{A33FD63B-A56C-475E-82D8-F8FA3B512927}.Debug|Any CPU.ActiveCfg = Debug|Any CPU
		{A33FD63B-A56C-475E-82D8-F8FA3B512927}.Debug|Any CPU.Build.0 = Debug|Any CPU
		{A33FD63B-A56C-475E-82D8-F8FA3B512927}.Release|Any CPU.ActiveCfg = Release|Any CPU
		{A33FD63B-A56C-475E-82D8-F8FA3B512927}.Release|Any CPU.Build.0 = Release|Any CPU
		{E6BB8D36-26E6-4D1E-98A8-ADB140309681}.Debug|Any CPU.ActiveCfg = Debug|Any CPU
		{E6BB8D36-26E6-4D1E-98A8-ADB140309681}.Debug|Any CPU.Build.0 = Debug|Any CPU
		{E6BB8D36-26E6-4D1E-98A8-ADB140309681}.Release|Any CPU.ActiveCfg = Release|Any CPU
		{E6BB8D36-26E6-4D1E-98A8-ADB140309681}.Release|Any CPU.Build.0 = Release|Any CPU
	EndGlobalSection
	GlobalSection(SolutionProperties) = preSolution
		HideSolutionNode = FALSE
	EndGlobalSection
	GlobalSection(NestedProjects) = preSolution
		{E6BB8D36-26E6-4D1E-98A8-ADB140309681} = {B3200638-35C5-44E0-9299-B1D14396B253}
	EndGlobalSection
	GlobalSection(ExtensibilityGlobals) = postSolution
		SolutionGuid = {F0551320-02C6-4726-8725-4CF9494BF7D2}
	EndGlobalSection
EndGlobal
